
Microsoft Visual Studio Solution File, Format Version 12.00
# Visual Studio Version 16
VisualStudioVersion = 16.0.30413.136
MinimumVisualStudioVersion = 10.0.40219.1
Project("{FAE04EC0-301F-11D3-BF4B-00C04F79EFBC}") = "HummanResourcesManagement", "HummanResourcesManagement\HummanResourcesManagement.csproj", "{ED54694F-8B68-44EA-81E5-F6AAFA30E041}"
EndProject
Global
	GlobalSection(SolutionConfigurationPlatforms) = preSolution
		Debug|Any CPU = Debug|Any CPU
		Release|Any CPU = Release|Any CPU
	EndGlobalSection
	GlobalSection(ProjectConfigurationPlatforms) = postSolution
		{ED54694F-8B68-44EA-81E5-F6AAFA30E041}.Debug|Any CPU.ActiveCfg = Debug|Any CPU
		{ED54694F-8B68-44EA-81E5-F6AAFA30E041}.Debug|Any CPU.Build.0 = Debug|Any CPU
		{ED54694F-8B68-44EA-81E5-F6AAFA30E041}.Release|Any CPU.ActiveCfg = Release|Any CPU
		{ED54694F-8B68-44EA-81E5-F6AAFA30E041}.Release|Any CPU.Build.0 = Release|Any CPU
	EndGlobalSection
	GlobalSection(SolutionProperties) = preSolution
		HideSolutionNode = FALSE
	EndGlobalSection
	GlobalSection(ExtensibilityGlobals) = postSolution
		SolutionGuid = {6471D2F1-D7B1-427E-8EE5-89EE8D3272D9}
	EndGlobalSection
EndGlobal
